
Microsoft Visual Studio Solution File, Format Version 12.00
# Visual Studio Express 2012 for Windows Desktop
Project("{FAE04EC0-301F-11D3-BF4B-00C04F79EFBC}") = "ProjectWithOpenCVV", "ProjectWithOpenCVV\ProjectWithOpenCVV.csproj", "{13859766-3159-4803-B9A0-2691052D6339}"
EndProject
Global
	GlobalSection(SolutionConfigurationPlatforms) = preSolution
		Debug|Any CPU = Debug|Any CPU
		Release|Any CPU = Release|Any CPU
	EndGlobalSection
	GlobalSection(ProjectConfigurationPlatforms) = postSolution
		{13859766-3159-4803-B9A0-2691052D6339}.Debug|Any CPU.ActiveCfg = Debug|Any CPU
		{13859766-3159-4803-B9A0-2691052D6339}.Debug|Any CPU.Build.0 = Debug|Any CPU
		{13859766-3159-4803-B9A0-2691052D6339}.Release|Any CPU.ActiveCfg = Release|Any CPU
		{13859766-3159-4803-B9A0-2691052D6339}.Release|Any CPU.Build.0 = Release|Any CPU
	EndGlobalSection
	GlobalSection(SolutionProperties) = preSolution
		HideSolutionNode = FALSE
	EndGlobalSection
EndGlobal
